PODS:
  - ChatLayout (1.1.17):
    - ChatLayout/Ultimate (= 1.1.17)
  - ChatLayout/Core (1.1.17)
  - ChatLayout/Extras (1.1.17):
    - ChatLayout/Core
  - ChatLayout/Ultimate (1.1.17):
    - ChatLayout/Core
    - ChatLayout/Extras
  - DifferenceKit (1.2.0):
    - DifferenceKit/Core (= 1.2.0)
    - DifferenceKit/UIKitExtension (= 1.2.0)
  - DifferenceKit/Core (1.2.0)
  - DifferenceKit/UIKitExtension (1.2.0):
    - DifferenceKit/Core
  - InputBarAccessoryView (5.4.0):
    - InputBarAccessoryView/Core (= 5.4.0)
  - InputBarAccessoryView/Core (5.4.0)

DEPENDENCIES:
  - ChatLayout
  - DifferenceKit
  - InputBarAccessoryView

SPEC REPOS:
  trunk:
    - ChatLayout
    - DifferenceKit
    - InputBarAccessoryView

SPEC CHECKSUMS:
  ChatLayout: 7a1bb0300a65833605c0902b68e179817fecd9c6
  DifferenceKit: 5659c430bb7fe45876fa32ce5cba5d6167f0c805
  InputBarAccessoryView: 74d471ab1fa1736806be50328df79257e52865a9

PODFILE CHECKSUM: 2c4eb0fb733f0839600d25e41efaac4970800b96

COCOAPODS: 1.11.2
